
Microsoft Visual Studio Solution File, Format Version 12.00
# Visual Studio Version 17
VisualStudioVersion = 17.13.35931.197 d17.13
MinimumVisualStudioVersion = 10.0.40219.1
Project("{FAE04EC0-301F-11D3-BF4B-00C04F79EFBC}") = "Dsw2025Ej11.Presentation", "Dsw2025Ej11.Presentation\Dsw2025Ej11.Presentation.csproj", "{1BF0538C-9152-4CDC-A754-7B714F847928}"
EndProject
Project("{FAE04EC0-301F-11D3-BF4B-00C04F79EFBC}") = "Dsw2025Ej11.Domain", "Dsw2025Ej11.Domain\Dsw2025Ej11.Domain.csproj", "{259D8FED-98CF-4224-B4D3-7F77C86BCAFD}"
EndProject
Global
	GlobalSection(SolutionConfigurationPlatforms) = preSolution
		Debug|Any CPU = Debug|Any CPU
		Release|Any CPU = Release|Any CPU
	EndGlobalSection
	GlobalSection(ProjectConfigurationPlatforms) = postSolution
		{1BF0538C-9152-4CDC-A754-7B714F847928}.Debug|Any CPU.ActiveCfg = Debug|Any CPU
		{1BF0538C-9152-4CDC-A754-7B714F847928}.Debug|Any CPU.Build.0 = Debug|Any CPU
		{1BF0538C-9152-4CDC-A754-7B714F847928}.Release|Any CPU.ActiveCfg = Release|Any CPU
		{1BF0538C-9152-4CDC-A754-7B714F847928}.Release|Any CPU.Build.0 = Release|Any CPU
		{259D8FED-98CF-4224-B4D3-7F77C86BCAFD}.Debug|Any CPU.ActiveCfg = Debug|Any CPU
		{259D8FED-98CF-4224-B4D3-7F77C86BCAFD}.Debug|Any CPU.Build.0 = Debug|Any CPU
		{259D8FED-98CF-4224-B4D3-7F77C86BCAFD}.Release|Any CPU.ActiveCfg = Release|Any CPU
		{259D8FED-98CF-4224-B4D3-7F77C86BCAFD}.Release|Any CPU.Build.0 = Release|Any CPU
	EndGlobalSection
	GlobalSection(SolutionProperties) = preSolution
		HideSolutionNode = FALSE
	EndGlobalSection
	GlobalSection(ExtensibilityGlobals) = postSolution
		SolutionGuid = {0BF63A68-6580-4D21-8B53-E6A38F93188B}
	EndGlobalSection
EndGlobal
